
Microsoft Visual Studio Solution File, Format Version 12.00
# Visual Studio Version 17
VisualStudioVersion = 17.3.32929.385
MinimumVisualStudioVersion = 10.0.40219.1
Project("{FAE04EC0-301F-11D3-BF4B-00C04F79EFBC}") = "dapTest", "dapTest\dapTest.csproj", "{7001FEC1-B526-4F8B-B25B-3B7AF6424C3F}"
EndProject
Global
	GlobalSection(SolutionConfigurationPlatforms) = preSolution
		Debug|Any CPU = Debug|Any CPU
		Release|Any CPU = Release|Any CPU
	EndGlobalSection
	GlobalSection(ProjectConfigurationPlatforms) = postSolution
		{7001FEC1-B526-4F8B-B25B-3B7AF6424C3F}.Debug|Any CPU.ActiveCfg = Debug|Any CPU
		{7001FEC1-B526-4F8B-B25B-3B7AF6424C3F}.Debug|Any CPU.Build.0 = Debug|Any CPU
		{7001FEC1-B526-4F8B-B25B-3B7AF6424C3F}.Release|Any CPU.ActiveCfg = Release|Any CPU
		{7001FEC1-B526-4F8B-B25B-3B7AF6424C3F}.Release|Any CPU.Build.0 = Release|Any CPU
	EndGlobalSection
	GlobalSection(SolutionProperties) = preSolution
		HideSolutionNode = FALSE
	EndGlobalSection
	GlobalSection(ExtensibilityGlobals) = postSolution
		SolutionGuid = {169729A7-E53E-46BD-8D25-64282964E586}
	EndGlobalSection
EndGlobal
